{
  "name": "testLayercontrol",
  "lockfileVersion": 2,
  "requires": true,
  "packages": {
    "": {
      "dependencies": {
        "leaflet-search": "^3.0.2"
      }
    },
    "node_modules/leaflet": {
      "version": "1.8.0",
      "resolved": "https://registry.npmjs.org/leaflet/-/leaflet-1.8.0.tgz",
      "integrity": "sha512-gwhMjFCQiYs3x/Sf+d49f10ERXaEFCPr+nVTryhAW8DWbMGqJqt9G4XuIaHmFW08zYvhgdzqXGr8AlW8v8dQkA=="
    },
    "node_modules/leaflet-search": {
      "version": "3.0.2",
      "resolved": "https://registry.npmjs.org/leaflet-search/-/leaflet-search-3.0.2.tgz",
      "integrity": "sha512-DtI8LTthhjRzxfNQTgYNuvrk+5hLTISFdemSVrtvnyPA31/a8NGE3GInS19eLGZIgHAYtbUFOHO1/OLbxhi6Yw==",
      "dependencies": {
        "leaflet": "*"
      }
    }
  },
  "dependencies": {
    "leaflet": {
      "version": "1.8.0",
      "resolved": "https://registry.npmjs.org/leaflet/-/leaflet-1.8.0.tgz",
      "integrity": "sha512-gwhMjFCQiYs3x/Sf+d49f10ERXaEFCPr+nVTryhAW8DWbMGqJqt9G4XuIaHmFW08zYvhgdzqXGr8AlW8v8dQkA=="
    },
    "leaflet-search": {
      "version": "3.0.2",
      "resolved": "https://registry.npmjs.org/leaflet-search/-/leaflet-search-3.0.2.tgz",
      "integrity": "sha512-DtI8LTthhjRzxfNQTgYNuvrk+5hLTISFdemSVrtvnyPA31/a8NGE3GInS19eLGZIgHAYtbUFOHO1/OLbxhi6Yw==",
      "requires": {
        "leaflet": "*"
      }
    }
  }
}
